
Microsoft Visual Studio Solution File, Format Version 12.00
Project("{FAE04EC0-301F-11D3-BF4B-00C04F79EFBC}") = "TempusHub", "TempusHub\TempusHub.csproj", "{9542CAFD-2F99-45D5-AE37-B233C5BAF720}"
EndProject
Global
	GlobalSection(SolutionConfigurationPlatforms) = preSolution
		Debug|Any CPU = Debug|Any CPU
		Release|Any CPU = Release|Any CPU
	EndGlobalSection
	GlobalSection(ProjectConfigurationPlatforms) = postSolution
		{9542CAFD-2F99-45D5-AE37-B233C5BAF720}.Debug|Any CPU.ActiveCfg = Debug|Any CPU
		{9542CAFD-2F99-45D5-AE37-B233C5BAF720}.Debug|Any CPU.Build.0 = Debug|Any CPU
		{9542CAFD-2F99-45D5-AE37-B233C5BAF720}.Release|Any CPU.ActiveCfg = Release|Any CPU
		{9542CAFD-2F99-45D5-AE37-B233C5BAF720}.Release|Any CPU.Build.0 = Release|Any CPU
	EndGlobalSection
EndGlobal
